
Microsoft Visual Studio Solution File, Format Version 12.00
# Visual Studio Version 17
VisualStudioVersion = 17.8.34316.72
MinimumVisualStudioVersion = 10.0.40219.1
Project("{FAE04EC0-301F-11D3-BF4B-00C04F79EFBC}") = "FinalProgramJA", "FinalProgramJA.csproj", "{DAABCBA3-FF4A-4C4E-8BD4-52237EF4B01E}"
	ProjectSection(ProjectDependencies) = postProject
		{F8D10448-54BE-4F25-BF8F-C30A21105A86} = {F8D10448-54BE-4F25-BF8F-C30A21105A86}
	EndProjectSection
EndProject
Project("{8BC9CEB8-8B4A-11D0-8D11-00A0C91BC942}") = "mazeCreatorAsembler", "..\add\add.vcxproj", "{F8D10448-54BE-4F25-BF8F-C30A21105A86}"
EndProject
Project("{8BC9CEB8-8B4A-11D0-8D11-00A0C91BC942}") = "mazeCreatorC", "addC\addC.vcxproj", "{6C2D54B6-DE1D-469C-900D-CD3623485DB1}"
EndProject
Global
	GlobalSection(SolutionConfigurationPlatforms) = preSolution
		Debug|Any CPU = Debug|Any CPU
		Debug|ARM = Debug|ARM
		Debug|x64 = Debug|x64
		Debug|x86 = Debug|x86
		Release|Any CPU = Release|Any CPU
		Release|ARM = Release|ARM
		Release|x64 = Release|x64
		Release|x86 = Release|x86
	EndGlobalSection
	GlobalSection(ProjectConfigurationPlatforms) = postSolution
		{DAABCBA3-FF4A-4C4E-8BD4-52237EF4B01E}.Debug|Any CPU.ActiveCfg = Debug|Any CPU
		{DAABCBA3-FF4A-4C4E-8BD4-52237EF4B01E}.Debug|Any CPU.Build.0 = Debug|Any CPU
		{DAABCBA3-FF4A-4C4E-8BD4-52237EF4B01E}.Debug|ARM.ActiveCfg = Debug|x64
		{DAABCBA3-FF4A-4C4E-8BD4-52237EF4B01E}.Debug|ARM.Build.0 = Debug|x64
		{DAABCBA3-FF4A-4C4E-8BD4-52237EF4B01E}.Debug|x64.ActiveCfg = Debug|Any CPU
		{DAABCBA3-FF4A-4C4E-8BD4-52237EF4B01E}.Debug|x64.Build.0 = Debug|Any CPU
		{DAABCBA3-FF4A-4C4E-8BD4-52237EF4B01E}.Debug|x86.ActiveCfg = Debug|Any CPU
		{DAABCBA3-FF4A-4C4E-8BD4-52237EF4B01E}.Debug|x86.Build.0 = Debug|Any CPU
		{DAABCBA3-FF4A-4C4E-8BD4-52237EF4B01E}.Release|Any CPU.ActiveCfg = Release|Any CPU
		{DAABCBA3-FF4A-4C4E-8BD4-52237EF4B01E}.Release|Any CPU.Build.0 = Release|Any CPU
		{DAABCBA3-FF4A-4C4E-8BD4-52237EF4B01E}.Release|ARM.ActiveCfg = Release|Any CPU
		{DAABCBA3-FF4A-4C4E-8BD4-52237EF4B01E}.Release|ARM.Build.0 = Release|Any CPU
		{DAABCBA3-FF4A-4C4E-8BD4-52237EF4B01E}.Release|x64.ActiveCfg = Release|Any CPU
		{DAABCBA3-FF4A-4C4E-8BD4-52237EF4B01E}.Release|x64.Build.0 = Release|Any CPU
		{DAABCBA3-FF4A-4C4E-8BD4-52237EF4B01E}.Release|x86.ActiveCfg = Release|Any CPU
		{DAABCBA3-FF4A-4C4E-8BD4-52237EF4B01E}.Release|x86.Build.0 = Release|Any CPU
		{F8D10448-54BE-4F25-BF8F-C30A21105A86}.Debug|Any CPU.ActiveCfg = Debug|x64
		{F8D10448-54BE-4F25-BF8F-C30A21105A86}.Debug|Any CPU.Build.0 = Debug|x64
		{F8D10448-54BE-4F25-BF8F-C30A21105A86}.Debug|ARM.ActiveCfg = Debug|x64
		{F8D10448-54BE-4F25-BF8F-C30A21105A86}.Debug|ARM.Build.0 = Debug|x64
		{F8D10448-54BE-4F25-BF8F-C30A21105A86}.Debug|x64.ActiveCfg = Debug|x64
		{F8D10448-54BE-4F25-BF8F-C30A21105A86}.Debug|x64.Build.0 = Debug|x64
		{F8D10448-54BE-4F25-BF8F-C30A21105A86}.Debug|x86.ActiveCfg = Debug|Win32
		{F8D10448-54BE-4F25-BF8F-C30A21105A86}.Debug|x86.Build.0 = Debug|Win32
		{F8D10448-54BE-4F25-BF8F-C30A21105A86}.Release|Any CPU.ActiveCfg = Release|x64
		{F8D10448-54BE-4F25-BF8F-C30A21105A86}.Release|Any CPU.Build.0 = Release|x64
		{F8D10448-54BE-4F25-BF8F-C30A21105A86}.Release|ARM.ActiveCfg = Release|ARM
		{F8D10448-54BE-4F25-BF8F-C30A21105A86}.Release|ARM.Build.0 = Release|ARM
		{F8D10448-54BE-4F25-BF8F-C30A21105A86}.Release|x64.ActiveCfg = Release|x64
		{F8D10448-54BE-4F25-BF8F-C30A21105A86}.Release|x64.Build.0 = Release|x64
		{F8D10448-54BE-4F25-BF8F-C30A21105A86}.Release|x86.ActiveCfg = Release|Win32
		{F8D10448-54BE-4F25-BF8F-C30A21105A86}.Release|x86.Build.0 = Release|Win32
		{6C2D54B6-DE1D-469C-900D-CD3623485DB1}.Debug|Any CPU.ActiveCfg = Debug|x64
		{6C2D54B6-DE1D-469C-900D-CD3623485DB1}.Debug|Any CPU.Build.0 = Debug|x64
		{6C2D54B6-DE1D-469C-900D-CD3623485DB1}.Debug|ARM.ActiveCfg = Debug|x64
		{6C2D54B6-DE1D-469C-900D-CD3623485DB1}.Debug|ARM.Build.0 = Debug|x64
		{6C2D54B6-DE1D-469C-900D-CD3623485DB1}.Debug|x64.ActiveCfg = Debug|x64
		{6C2D54B6-DE1D-469C-900D-CD3623485DB1}.Debug|x64.Build.0 = Debug|x64
		{6C2D54B6-DE1D-469C-900D-CD3623485DB1}.Debug|x86.ActiveCfg = Debug|Win32
		{6C2D54B6-DE1D-469C-900D-CD3623485DB1}.Debug|x86.Build.0 = Debug|Win32
		{6C2D54B6-DE1D-469C-900D-CD3623485DB1}.Release|Any CPU.ActiveCfg = Release|x64
		{6C2D54B6-DE1D-469C-900D-CD3623485DB1}.Release|Any CPU.Build.0 = Release|x64
		{6C2D54B6-DE1D-469C-900D-CD3623485DB1}.Release|ARM.ActiveCfg = Release|x64
		{6C2D54B6-DE1D-469C-900D-CD3623485DB1}.Release|ARM.Build.0 = Release|x64
		{6C2D54B6-DE1D-469C-900D-CD3623485DB1}.Release|x64.ActiveCfg = Release|x64
		{6C2D54B6-DE1D-469C-900D-CD3623485DB1}.Release|x64.Build.0 = Release|x64
		{6C2D54B6-DE1D-469C-900D-CD3623485DB1}.Release|x86.ActiveCfg = Release|Win32
		{6C2D54B6-DE1D-469C-900D-CD3623485DB1}.Release|x86.Build.0 = Release|Win32
	EndGlobalSection
	GlobalSection(SolutionProperties) = preSolution
		HideSolutionNode = FALSE
	EndGlobalSection
	GlobalSection(ExtensibilityGlobals) = postSolution
		SolutionGuid = {DA026CBB-11AF-4DEA-BF86-43C91D06B8B2}
	EndGlobalSection
EndGlobal
